
Microsoft Visual Studio Solution File, Format Version 12.00
# Visual Studio 14
VisualStudioVersion = 14.0.25123.0
MinimumVisualStudioVersion = 10.0.40219.1
Project("{FAE04EC0-301F-11D3-BF4B-00C04F79EFBC}") = "Connect4", "Connect4\Connect4.csproj", "{F724EDE3-F2B4-496C-9724-B77F18036A56}"
EndProject
Project("{FAE04EC0-301F-11D3-BF4B-00C04F79EFBC}") = "Connect4.Tests", "Connect4.Tests\Connect4.Tests.csproj", "{77D6BF03-626E-42BC-A522-FA763165D401}"
EndProject
Project("{00D1A9C2-B5F0-4AF3-8072-F6C62B433612}") = "Connect4Database", "Connect4Database\Connect4Database.sqlproj", "{448B24FE-B8F2-4EA8-BECA-8329619707D7}"
EndProject
Project("{FAE04EC0-301F-11D3-BF4B-00C04F79EFBC}") = "Connect4.ExampleBot", "Connect4.ExampleBot\Connect4.ExampleBot.csproj", "{D23AC326-B0C5-4D5D-96FA-21D6DB4F8653}"
EndProject
Project("{FAE04EC0-301F-11D3-BF4B-00C04F79EFBC}") = "Connect4.Manual", "Connect4.Manual\Connect4.Manual.csproj", "{F5792DBC-A6BC-4295-A604-730A830C8CDB}"
EndProject
Project("{FAE04EC0-301F-11D3-BF4B-00C04F79EFBC}") = "Connect4.LookAhead", "Connect4.LookAhead\Connect4.LookAhead.csproj", "{F5430DB2-6F5D-4D0A-B730-DBFB7E76D515}"
EndProject
Global
	GlobalSection(SolutionConfigurationPlatforms) = preSolution
		Debug|Any CPU = Debug|Any CPU
		Release|Any CPU = Release|Any CPU
	EndGlobalSection
	GlobalSection(ProjectConfigurationPlatforms) = postSolution
		{F724EDE3-F2B4-496C-9724-B77F18036A56}.Debug|Any CPU.ActiveCfg = Debug|Any CPU
		{F724EDE3-F2B4-496C-9724-B77F18036A56}.Debug|Any CPU.Build.0 = Debug|Any CPU
		{F724EDE3-F2B4-496C-9724-B77F18036A56}.Release|Any CPU.ActiveCfg = Release|Any CPU
		{F724EDE3-F2B4-496C-9724-B77F18036A56}.Release|Any CPU.Build.0 = Release|Any CPU
		{77D6BF03-626E-42BC-A522-FA763165D401}.Debug|Any CPU.ActiveCfg = Debug|Any CPU
		{77D6BF03-626E-42BC-A522-FA763165D401}.Debug|Any CPU.Build.0 = Debug|Any CPU
		{77D6BF03-626E-42BC-A522-FA763165D401}.Release|Any CPU.ActiveCfg = Release|Any CPU
		{77D6BF03-626E-42BC-A522-FA763165D401}.Release|Any CPU.Build.0 = Release|Any CPU
		{448B24FE-B8F2-4EA8-BECA-8329619707D7}.Debug|Any CPU.ActiveCfg = Debug|Any CPU
		{448B24FE-B8F2-4EA8-BECA-8329619707D7}.Debug|Any CPU.Build.0 = Debug|Any CPU
		{448B24FE-B8F2-4EA8-BECA-8329619707D7}.Debug|Any CPU.Deploy.0 = Debug|Any CPU
		{448B24FE-B8F2-4EA8-BECA-8329619707D7}.Release|Any CPU.ActiveCfg = Release|Any CPU
		{448B24FE-B8F2-4EA8-BECA-8329619707D7}.Release|Any CPU.Build.0 = Release|Any CPU
		{448B24FE-B8F2-4EA8-BECA-8329619707D7}.Release|Any CPU.Deploy.0 = Release|Any CPU
		{D23AC326-B0C5-4D5D-96FA-21D6DB4F8653}.Debug|Any CPU.ActiveCfg = Debug|Any CPU
		{D23AC326-B0C5-4D5D-96FA-21D6DB4F8653}.Debug|Any CPU.Build.0 = Debug|Any CPU
		{D23AC326-B0C5-4D5D-96FA-21D6DB4F8653}.Release|Any CPU.ActiveCfg = Release|Any CPU
		{D23AC326-B0C5-4D5D-96FA-21D6DB4F8653}.Release|Any CPU.Build.0 = Release|Any CPU
		{F5792DBC-A6BC-4295-A604-730A830C8CDB}.Debug|Any CPU.ActiveCfg = Debug|Any CPU
		{F5792DBC-A6BC-4295-A604-730A830C8CDB}.Debug|Any CPU.Build.0 = Debug|Any CPU
		{F5792DBC-A6BC-4295-A604-730A830C8CDB}.Release|Any CPU.ActiveCfg = Release|Any CPU
		{F5792DBC-A6BC-4295-A604-730A830C8CDB}.Release|Any CPU.Build.0 = Release|Any CPU
		{F5430DB2-6F5D-4D0A-B730-DBFB7E76D515}.Debug|Any CPU.ActiveCfg = Debug|Any CPU
		{F5430DB2-6F5D-4D0A-B730-DBFB7E76D515}.Debug|Any CPU.Build.0 = Debug|Any CPU
		{F5430DB2-6F5D-4D0A-B730-DBFB7E76D515}.Release|Any CPU.ActiveCfg = Release|Any CPU
		{F5430DB2-6F5D-4D0A-B730-DBFB7E76D515}.Release|Any CPU.Build.0 = Release|Any CPU
	EndGlobalSection
	GlobalSection(SolutionProperties) = preSolution
		HideSolutionNode = FALSE
	EndGlobalSection
EndGlobal
