
Microsoft Visual Studio Solution File, Format Version 12.00
# Visual Studio Version 16
VisualStudioVersion = 16.0.29609.76
MinimumVisualStudioVersion = 10.0.40219.1
Project("{FAE04EC0-301F-11D3-BF4B-00C04F79EFBC}") = "Connect4.Core", "Connect4.Core.csproj", "{63FA3A7D-7167-4543-A0D2-650F57E18FEB}"
EndProject
Global
	GlobalSection(SolutionConfigurationPlatforms) = preSolution
		Debug|Any CPU = Debug|Any CPU
		Release|Any CPU = Release|Any CPU
	EndGlobalSection
	GlobalSection(ProjectConfigurationPlatforms) = postSolution
		{63FA3A7D-7167-4543-A0D2-650F57E18FEB}.Debug|Any CPU.ActiveCfg = Debug|Any CPU
		{63FA3A7D-7167-4543-A0D2-650F57E18FEB}.Debug|Any CPU.Build.0 = Debug|Any CPU
		{63FA3A7D-7167-4543-A0D2-650F57E18FEB}.Release|Any CPU.ActiveCfg = Release|Any CPU
		{63FA3A7D-7167-4543-A0D2-650F57E18FEB}.Release|Any CPU.Build.0 = Release|Any CPU
	EndGlobalSection
	GlobalSection(SolutionProperties) = preSolution
		HideSolutionNode = FALSE
	EndGlobalSection
	GlobalSection(ExtensibilityGlobals) = postSolution
		SolutionGuid = {B42412EC-BA90-4016-A672-DF94CC7991B1}
	EndGlobalSection
EndGlobal
